
Microsoft Visual Studio Solution File, Format Version 10.00
# Visual Studio 2008
Project("{2150E333-8FDC-42A3-9474-1A3956D46DE8}") = "Data", "Data", "{62584730-94CB-41B4-8DF2-6DBD06799A9C}"
EndProject
Project("{2150E333-8FDC-42A3-9474-1A3956D46DE8}") = "Base", "Base", "{6CA5E0FA-07F2-44A5-B7E9-10B6A6A89795}"
EndProject
Project("{2150E333-8FDC-42A3-9474-1A3956D46DE8}") = "Test", "Test", "{ED3288D3-6158-4BF0-B4C8-CC5901A0C509}"
EndProject
Project("{2150E333-8FDC-42A3-9474-1A3956D46DE8}") = "Tools", "Tools", "{A1FB1C66-F7B2-4ED1-8DD1-2BD342041A3B}"
EndProject
Project("{FAE04EC0-301F-11D3-BF4B-00C04F79EFBC}") = "Core", "#Framework\Core\Core.csproj", "{9284F359-8354-42FF-B77F-A62B6B6519D3}"
EndProject
Project("{FAE04EC0-301F-11D3-BF4B-00C04F79EFBC}") = "Bloomberg", "#Framework\Data\Bloomberg\Bloomberg.csproj", "{21E3C8D1-D382-40A5-8522-DB922680B1B0}"
EndProject
Project("{FAE04EC0-301F-11D3-BF4B-00C04F79EFBC}") = "Types", "#Framework\Data\Contracts\Types.csproj", "{EE1EAC80-6E32-4707-BC88-DF0EEAE6F2DB}"
EndProject
Project("{FAE04EC0-301F-11D3-BF4B-00C04F79EFBC}") = "Reuters", "#Framework\Data\Reuters\Reuters.csproj", "{115DC54E-4C0A-4F1E-85D0-3EEE439A92F5}"
EndProject
Project("{FAE04EC0-301F-11D3-BF4B-00C04F79EFBC}") = "Network", "#Framework\Data\Network\Network.csproj", "{6A0F1D91-3F98-497F-8540-928DD968B8C8}"
EndProject
Project("{FAE04EC0-301F-11D3-BF4B-00C04F79EFBC}") = "Tester", "#Framework\Tester\Tester.csproj", "{F7357B22-21C6-4FC1-8307-96D5DFA1E2F2}"
EndProject
Project("{FAE04EC0-301F-11D3-BF4B-00C04F79EFBC}") = "Jumbler", "Jumbler\Jumbler.csproj", "{8CD96480-A409-4682-BBCE-21DD5CFFACCC}"
EndProject
Project("{FAE04EC0-301F-11D3-BF4B-00C04F79EFBC}") = "VIE Salary", "VIE Salary\VIE Salary.csproj", "{758AD78E-AD93-4E34-8808-749701472026}"
EndProject
Global
	GlobalSection(SolutionConfigurationPlatforms) = preSolution
		Debug|Any CPU = Debug|Any CPU
		Release|Any CPU = Release|Any CPU
	EndGlobalSection
	GlobalSection(ProjectConfigurationPlatforms) = postSolution
		{9284F359-8354-42FF-B77F-A62B6B6519D3}.Debug|Any CPU.ActiveCfg = Debug|Any CPU
		{9284F359-8354-42FF-B77F-A62B6B6519D3}.Debug|Any CPU.Build.0 = Debug|Any CPU
		{9284F359-8354-42FF-B77F-A62B6B6519D3}.Release|Any CPU.ActiveCfg = Release|Any CPU
		{9284F359-8354-42FF-B77F-A62B6B6519D3}.Release|Any CPU.Build.0 = Release|Any CPU
		{21E3C8D1-D382-40A5-8522-DB922680B1B0}.Debug|Any CPU.ActiveCfg = Debug|Any CPU
		{21E3C8D1-D382-40A5-8522-DB922680B1B0}.Debug|Any CPU.Build.0 = Debug|Any CPU
		{21E3C8D1-D382-40A5-8522-DB922680B1B0}.Release|Any CPU.ActiveCfg = Release|Any CPU
		{21E3C8D1-D382-40A5-8522-DB922680B1B0}.Release|Any CPU.Build.0 = Release|Any CPU
		{EE1EAC80-6E32-4707-BC88-DF0EEAE6F2DB}.Debug|Any CPU.ActiveCfg = Debug|Any CPU
		{EE1EAC80-6E32-4707-BC88-DF0EEAE6F2DB}.Debug|Any CPU.Build.0 = Debug|Any CPU
		{EE1EAC80-6E32-4707-BC88-DF0EEAE6F2DB}.Release|Any CPU.ActiveCfg = Release|Any CPU
		{EE1EAC80-6E32-4707-BC88-DF0EEAE6F2DB}.Release|Any CPU.Build.0 = Release|Any CPU
		{115DC54E-4C0A-4F1E-85D0-3EEE439A92F5}.Debug|Any CPU.ActiveCfg = Debug|Any CPU
		{115DC54E-4C0A-4F1E-85D0-3EEE439A92F5}.Debug|Any CPU.Build.0 = Debug|Any CPU
		{115DC54E-4C0A-4F1E-85D0-3EEE439A92F5}.Release|Any CPU.ActiveCfg = Release|Any CPU
		{115DC54E-4C0A-4F1E-85D0-3EEE439A92F5}.Release|Any CPU.Build.0 = Release|Any CPU
		{6A0F1D91-3F98-497F-8540-928DD968B8C8}.Debug|Any CPU.ActiveCfg = Debug|Any CPU
		{6A0F1D91-3F98-497F-8540-928DD968B8C8}.Debug|Any CPU.Build.0 = Debug|Any CPU
		{6A0F1D91-3F98-497F-8540-928DD968B8C8}.Release|Any CPU.ActiveCfg = Release|Any CPU
		{6A0F1D91-3F98-497F-8540-928DD968B8C8}.Release|Any CPU.Build.0 = Release|Any CPU
		{F7357B22-21C6-4FC1-8307-96D5DFA1E2F2}.Debug|Any CPU.ActiveCfg = Debug|Any CPU
		{F7357B22-21C6-4FC1-8307-96D5DFA1E2F2}.Debug|Any CPU.Build.0 = Debug|Any CPU
		{F7357B22-21C6-4FC1-8307-96D5DFA1E2F2}.Release|Any CPU.ActiveCfg = Release|Any CPU
		{F7357B22-21C6-4FC1-8307-96D5DFA1E2F2}.Release|Any CPU.Build.0 = Release|Any CPU
		{8CD96480-A409-4682-BBCE-21DD5CFFACCC}.Debug|Any CPU.ActiveCfg = Debug|Any CPU
		{8CD96480-A409-4682-BBCE-21DD5CFFACCC}.Debug|Any CPU.Build.0 = Debug|Any CPU
		{8CD96480-A409-4682-BBCE-21DD5CFFACCC}.Release|Any CPU.ActiveCfg = Release|Any CPU
		{8CD96480-A409-4682-BBCE-21DD5CFFACCC}.Release|Any CPU.Build.0 = Release|Any CPU
		{758AD78E-AD93-4E34-8808-749701472026}.Debug|Any CPU.ActiveCfg = Debug|Any CPU
		{758AD78E-AD93-4E34-8808-749701472026}.Debug|Any CPU.Build.0 = Debug|Any CPU
		{758AD78E-AD93-4E34-8808-749701472026}.Release|Any CPU.ActiveCfg = Release|Any CPU
		{758AD78E-AD93-4E34-8808-749701472026}.Release|Any CPU.Build.0 = Release|Any CPU
	EndGlobalSection
	GlobalSection(SolutionProperties) = preSolution
		HideSolutionNode = FALSE
	EndGlobalSection
	GlobalSection(NestedProjects) = preSolution
		{21E3C8D1-D382-40A5-8522-DB922680B1B0} = {62584730-94CB-41B4-8DF2-6DBD06799A9C}
		{115DC54E-4C0A-4F1E-85D0-3EEE439A92F5} = {62584730-94CB-41B4-8DF2-6DBD06799A9C}
		{6A0F1D91-3F98-497F-8540-928DD968B8C8} = {62584730-94CB-41B4-8DF2-6DBD06799A9C}
		{9284F359-8354-42FF-B77F-A62B6B6519D3} = {6CA5E0FA-07F2-44A5-B7E9-10B6A6A89795}
		{EE1EAC80-6E32-4707-BC88-DF0EEAE6F2DB} = {6CA5E0FA-07F2-44A5-B7E9-10B6A6A89795}
		{F7357B22-21C6-4FC1-8307-96D5DFA1E2F2} = {ED3288D3-6158-4BF0-B4C8-CC5901A0C509}
		{8CD96480-A409-4682-BBCE-21DD5CFFACCC} = {A1FB1C66-F7B2-4ED1-8DD1-2BD342041A3B}
		{758AD78E-AD93-4E34-8808-749701472026} = {A1FB1C66-F7B2-4ED1-8DD1-2BD342041A3B}
	EndGlobalSection
EndGlobal
