
Microsoft Visual Studio Solution File, Format Version 9.00
# Visual Studio 2005
Project("{FAE04EC0-301F-11D3-BF4B-00C04F79EFBC}") = "Jumbler", "Jumbler\Jumbler.csproj", "{8CD96480-A409-4682-BBCE-21DD5CFFACCC}"
	ProjectSection(WebsiteProperties) = preProject
		Debug.AspNetCompiler.Debug = "True"
		Release.AspNetCompiler.Debug = "False"
	EndProjectSection
EndProject
Project("{FAE04EC0-301F-11D3-BF4B-00C04F79EFBC}") = "VIE Salary", "VIE Salary\VIE Salary.csproj", "{758AD78E-AD93-4E34-8808-749701472026}"
	ProjectSection(WebsiteProperties) = preProject
		Debug.AspNetCompiler.Debug = "True"
		Release.AspNetCompiler.Debug = "False"
	EndProjectSection
EndProject
Global
	GlobalSection(SolutionConfigurationPlatforms) = preSolution
		Debug|Any CPU = Debug|Any CPU
		Release|Any CPU = Release|Any CPU
	EndGlobalSection
	GlobalSection(ProjectConfigurationPlatforms) = postSolution
		{8CD96480-A409-4682-BBCE-21DD5CFFACCC}.Debug|Any CPU.ActiveCfg = Debug|Any CPU
		{8CD96480-A409-4682-BBCE-21DD5CFFACCC}.Debug|Any CPU.Build.0 = Debug|Any CPU
		{8CD96480-A409-4682-BBCE-21DD5CFFACCC}.Release|Any CPU.ActiveCfg = Release|Any CPU
		{8CD96480-A409-4682-BBCE-21DD5CFFACCC}.Release|Any CPU.Build.0 = Release|Any CPU
		{758AD78E-AD93-4E34-8808-749701472026}.Debug|Any CPU.ActiveCfg = Debug|Any CPU
		{758AD78E-AD93-4E34-8808-749701472026}.Debug|Any CPU.Build.0 = Debug|Any CPU
		{758AD78E-AD93-4E34-8808-749701472026}.Release|Any CPU.ActiveCfg = Release|Any CPU
		{758AD78E-AD93-4E34-8808-749701472026}.Release|Any CPU.Build.0 = Release|Any CPU
	EndGlobalSection
	GlobalSection(SolutionProperties) = preSolution
		HideSolutionNode = FALSE
	EndGlobalSection
EndGlobal
